
Microsoft Visual Studio Solution File, Format Version 12.00
# Visual Studio Version 16
VisualStudioVersion = 16.0.29326.143
MinimumVisualStudioVersion = 10.0.40219.1
Project("{FAE04EC0-301F-11D3-BF4B-00C04F79EFBC}") = "Date_Time_Example", "Date_Time_Example\Date_Time_Example.csproj", "{C0D4BC96-FFF4-4552-978B-263F970CB60D}"
EndProject
Global
	GlobalSection(SolutionConfigurationPlatforms) = preSolution
		Debug|Any CPU = Debug|Any CPU
		Release|Any CPU = Release|Any CPU
	EndGlobalSection
	GlobalSection(ProjectConfigurationPlatforms) = postSolution
		{C0D4BC96-FFF4-4552-978B-263F970CB60D}.Debug|Any CPU.ActiveCfg = Debug|Any CPU
		{C0D4BC96-FFF4-4552-978B-263F970CB60D}.Debug|Any CPU.Build.0 = Debug|Any CPU
		{C0D4BC96-FFF4-4552-978B-263F970CB60D}.Release|Any CPU.ActiveCfg = Release|Any CPU
		{C0D4BC96-FFF4-4552-978B-263F970CB60D}.Release|Any CPU.Build.0 = Release|Any CPU
	EndGlobalSection
	GlobalSection(SolutionProperties) = preSolution
		HideSolutionNode = FALSE
	EndGlobalSection
	GlobalSection(ExtensibilityGlobals) = postSolution
		SolutionGuid = {13ABAB2E-F7FA-4245-B6D2-D5BE105307DD}
	EndGlobalSection
EndGlobal
