
Microsoft Visual Studio Solution File, Format Version 12.00
# Visual Studio Version 16
VisualStudioVersion = 16.0.29411.108
MinimumVisualStudioVersion = 10.0.40219.1
Project("{FAE04EC0-301F-11D3-BF4B-00C04F79EFBC}") = "CarInsuranceQuoteApp", "CarInsuranceQuoteApp\CarInsuranceQuoteApp.csproj", "{28E1F0D6-BEA3-408F-8719-ED2594D6012D}"
EndProject
Global
	GlobalSection(SolutionConfigurationPlatforms) = preSolution
		Debug|Any CPU = Debug|Any CPU
		Release|Any CPU = Release|Any CPU
	EndGlobalSection
	GlobalSection(ProjectConfigurationPlatforms) = postSolution
		{28E1F0D6-BEA3-408F-8719-ED2594D6012D}.Debug|Any CPU.ActiveCfg = Debug|Any CPU
		{28E1F0D6-BEA3-408F-8719-ED2594D6012D}.Debug|Any CPU.Build.0 = Debug|Any CPU
		{28E1F0D6-BEA3-408F-8719-ED2594D6012D}.Release|Any CPU.ActiveCfg = Release|Any CPU
		{28E1F0D6-BEA3-408F-8719-ED2594D6012D}.Release|Any CPU.Build.0 = Release|Any CPU
	EndGlobalSection
	GlobalSection(SolutionProperties) = preSolution
		HideSolutionNode = FALSE
	EndGlobalSection
	GlobalSection(ExtensibilityGlobals) = postSolution
		SolutionGuid = {00F5AC2E-FF71-452F-B02B-36A71EC40C43}
	EndGlobalSection
EndGlobal
